
Microsoft Visual Studio Solution File, Format Version 12.00
# Visual Studio Version 16
VisualStudioVersion = 16.0.29102.190
MinimumVisualStudioVersion = 10.0.40219.1
Project("{FAE04EC0-301F-11D3-BF4B-00C04F79EFBC}") = "Ecours.Desktop", "Ecours.Desktop\Ecours.Desktop.csproj", "{99C9E82C-C594-446D-AA59-8FFBC43AD226}"
EndProject
Project("{FAE04EC0-301F-11D3-BF4B-00C04F79EFBC}") = "Ecours.Contractor", "Ecours.Contractor\Ecours.Contractor.csproj", "{AB8B448C-DD74-4D60-A041-3E5D03A32180}"
EndProject
Project("{FAE04EC0-301F-11D3-BF4B-00C04F79EFBC}") = "Ecours.Client.Tests", "Ecours.Client.Tests\Ecours.Client.Tests.csproj", "{3605033D-ADC6-469D-A8D0-0DD44C065490}"
EndProject
Project("{FAE04EC0-301F-11D3-BF4B-00C04F79EFBC}") = "Ecours.Account", "Ecours.Account\Ecours.Account.csproj", "{60575AA7-575F-4A8D-96EE-16E336546EBE}"
EndProject
Project("{FAE04EC0-301F-11D3-BF4B-00C04F79EFBC}") = "Ecours.Default", "Ecours.Default\Ecours.Default.csproj", "{26B6DF34-B672-40F2-AD92-215662F0C987}"
EndProject
Global
	GlobalSection(SolutionConfigurationPlatforms) = preSolution
		Debug|Any CPU = Debug|Any CPU
		Release|Any CPU = Release|Any CPU
	EndGlobalSection
	GlobalSection(ProjectConfigurationPlatforms) = postSolution
		{99C9E82C-C594-446D-AA59-8FFBC43AD226}.Debug|Any CPU.ActiveCfg = Debug|Any CPU
		{99C9E82C-C594-446D-AA59-8FFBC43AD226}.Debug|Any CPU.Build.0 = Debug|Any CPU
		{99C9E82C-C594-446D-AA59-8FFBC43AD226}.Release|Any CPU.ActiveCfg = Release|Any CPU
		{99C9E82C-C594-446D-AA59-8FFBC43AD226}.Release|Any CPU.Build.0 = Release|Any CPU
		{AB8B448C-DD74-4D60-A041-3E5D03A32180}.Debug|Any CPU.ActiveCfg = Debug|Any CPU
		{AB8B448C-DD74-4D60-A041-3E5D03A32180}.Debug|Any CPU.Build.0 = Debug|Any CPU
		{AB8B448C-DD74-4D60-A041-3E5D03A32180}.Release|Any CPU.ActiveCfg = Release|Any CPU
		{AB8B448C-DD74-4D60-A041-3E5D03A32180}.Release|Any CPU.Build.0 = Release|Any CPU
		{3605033D-ADC6-469D-A8D0-0DD44C065490}.Debug|Any CPU.ActiveCfg = Debug|Any CPU
		{3605033D-ADC6-469D-A8D0-0DD44C065490}.Debug|Any CPU.Build.0 = Debug|Any CPU
		{3605033D-ADC6-469D-A8D0-0DD44C065490}.Release|Any CPU.ActiveCfg = Release|Any CPU
		{3605033D-ADC6-469D-A8D0-0DD44C065490}.Release|Any CPU.Build.0 = Release|Any CPU
		{60575AA7-575F-4A8D-96EE-16E336546EBE}.Debug|Any CPU.ActiveCfg = Debug|Any CPU
		{60575AA7-575F-4A8D-96EE-16E336546EBE}.Debug|Any CPU.Build.0 = Debug|Any CPU
		{60575AA7-575F-4A8D-96EE-16E336546EBE}.Release|Any CPU.ActiveCfg = Release|Any CPU
		{60575AA7-575F-4A8D-96EE-16E336546EBE}.Release|Any CPU.Build.0 = Release|Any CPU
		{26B6DF34-B672-40F2-AD92-215662F0C987}.Debug|Any CPU.ActiveCfg = Debug|Any CPU
		{26B6DF34-B672-40F2-AD92-215662F0C987}.Debug|Any CPU.Build.0 = Debug|Any CPU
		{26B6DF34-B672-40F2-AD92-215662F0C987}.Release|Any CPU.ActiveCfg = Release|Any CPU
		{26B6DF34-B672-40F2-AD92-215662F0C987}.Release|Any CPU.Build.0 = Release|Any CPU
	EndGlobalSection
	GlobalSection(SolutionProperties) = preSolution
		HideSolutionNode = FALSE
	EndGlobalSection
	GlobalSection(ExtensibilityGlobals) = postSolution
		SolutionGuid = {643B28F0-10FB-437F-8AED-E8CDAF60635F}
	EndGlobalSection
EndGlobal
